
Microsoft Visual Studio Solution File, Format Version 12.00
# Visual Studio 15
VisualStudioVersion = 15.0.26730.12
MinimumVisualStudioVersion = 10.0.40219.1
Project("{FAE04EC0-301F-11D3-BF4B-00C04F79EFBC}") = "EQuantDataExporter", "EQuantDataExporter\EQuantDataExporter.csproj", "{1A93792F-F9AA-4ADB-9952-F37A4BC586F6}"
EndProject
Global
	GlobalSection(SolutionConfigurationPlatforms) = preSolution
		Debug|Any CPU = Debug|Any CPU
		Release|Any CPU = Release|Any CPU
	EndGlobalSection
	GlobalSection(ProjectConfigurationPlatforms) = postSolution
		{1A93792F-F9AA-4ADB-9952-F37A4BC586F6}.Debug|Any CPU.ActiveCfg = Debug|Any CPU
		{1A93792F-F9AA-4ADB-9952-F37A4BC586F6}.Debug|Any CPU.Build.0 = Debug|Any CPU
		{1A93792F-F9AA-4ADB-9952-F37A4BC586F6}.Release|Any CPU.ActiveCfg = Release|Any CPU
		{1A93792F-F9AA-4ADB-9952-F37A4BC586F6}.Release|Any CPU.Build.0 = Release|Any CPU
	EndGlobalSection
	GlobalSection(SolutionProperties) = preSolution
		HideSolutionNode = FALSE
	EndGlobalSection
	GlobalSection(ExtensibilityGlobals) = postSolution
		SolutionGuid = {77D887DA-47EF-4F7D-BEA1-542E47515CE3}
	EndGlobalSection
EndGlobal
